Microsoft Visual Studio Solution File, Format Version 12.00
# Visual Studio 15
VisualStudioVersion = 15.0.26124.0
MinimumVisualStudioVersion = 15.0.26124.0
Project("{9A19103F-16F7-4668-BE54-9A1E7A4F7556}") = "OeresundBilletLibrary", "OeresundBilletLibrary\OeresundBilletLibrary.csproj", "{92A1CBB8-8F33-4131-B94F-2D4FA5972A79}"
EndProject
Project("{9A19103F-16F7-4668-BE54-9A1E7A4F7556}") = "OeresundBilletLibrary.tests", "OeresundBilletLibrary.tests\OeresundBilletLibrary.tests.csproj", "{E90FDE0A-5844-4769-8B25-504ADC931EA9}"
EndProject
Global
	GlobalSection(SolutionConfigurationPlatforms) = preSolution
		Debug|Any CPU = Debug|Any CPU
		Debug|x64 = Debug|x64
		Debug|x86 = Debug|x86
		Release|Any CPU = Release|Any CPU
		Release|x64 = Release|x64
		Release|x86 = Release|x86
	EndGlobalSection
	GlobalSection(ProjectConfigurationPlatforms) = postSolution
		{92A1CBB8-8F33-4131-B94F-2D4FA5972A79}.Debug|Any CPU.ActiveCfg = Debug|Any CPU
		{92A1CBB8-8F33-4131-B94F-2D4FA5972A79}.Debug|Any CPU.Build.0 = Debug|Any CPU
		{92A1CBB8-8F33-4131-B94F-2D4FA5972A79}.Debug|x64.ActiveCfg = Debug|Any CPU
		{92A1CBB8-8F33-4131-B94F-2D4FA5972A79}.Debug|x64.Build.0 = Debug|Any CPU
		{92A1CBB8-8F33-4131-B94F-2D4FA5972A79}.Debug|x86.ActiveCfg = Debug|Any CPU
		{92A1CBB8-8F33-4131-B94F-2D4FA5972A79}.Debug|x86.Build.0 = Debug|Any CPU
		{92A1CBB8-8F33-4131-B94F-2D4FA5972A79}.Release|Any CPU.ActiveCfg = Release|Any CPU
		{92A1CBB8-8F33-4131-B94F-2D4FA5972A79}.Release|Any CPU.Build.0 = Release|Any CPU
		{92A1CBB8-8F33-4131-B94F-2D4FA5972A79}.Release|x64.ActiveCfg = Release|Any CPU
		{92A1CBB8-8F33-4131-B94F-2D4FA5972A79}.Release|x64.Build.0 = Release|Any CPU
		{92A1CBB8-8F33-4131-B94F-2D4FA5972A79}.Release|x86.ActiveCfg = Release|Any CPU
		{92A1CBB8-8F33-4131-B94F-2D4FA5972A79}.Release|x86.Build.0 = Release|Any CPU
		{E90FDE0A-5844-4769-8B25-504ADC931EA9}.Debug|Any CPU.ActiveCfg = Debug|Any CPU
		{E90FDE0A-5844-4769-8B25-504ADC931EA9}.Debug|Any CPU.Build.0 = Debug|Any CPU
		{E90FDE0A-5844-4769-8B25-504ADC931EA9}.Debug|x64.ActiveCfg = Debug|Any CPU
		{E90FDE0A-5844-4769-8B25-504ADC931EA9}.Debug|x64.Build.0 = Debug|Any CPU
		{E90FDE0A-5844-4769-8B25-504ADC931EA9}.Debug|x86.ActiveCfg = Debug|Any CPU
		{E90FDE0A-5844-4769-8B25-504ADC931EA9}.Debug|x86.Build.0 = Debug|Any CPU
		{E90FDE0A-5844-4769-8B25-504ADC931EA9}.Release|Any CPU.ActiveCfg = Release|Any CPU
		{E90FDE0A-5844-4769-8B25-504ADC931EA9}.Release|Any CPU.Build.0 = Release|Any CPU
		{E90FDE0A-5844-4769-8B25-504ADC931EA9}.Release|x64.ActiveCfg = Release|Any CPU
		{E90FDE0A-5844-4769-8B25-504ADC931EA9}.Release|x64.Build.0 = Release|Any CPU
		{E90FDE0A-5844-4769-8B25-504ADC931EA9}.Release|x86.ActiveCfg = Release|Any CPU
		{E90FDE0A-5844-4769-8B25-504ADC931EA9}.Release|x86.Build.0 = Release|Any CPU
	EndGlobalSection
	GlobalSection(SolutionProperties) = preSolution
		HideSolutionNode = FALSE
	EndGlobalSection
	GlobalSection(ExtensibilityGlobals) = postSolution
		SolutionGuid = {9168C3F4-3FB2-49D8-BA65-B9C5EA1E4519}
	EndGlobalSection
EndGlobal
